
Microsoft Visual Studio Solution File, Format Version 12.00
# Visual Studio 15
VisualStudioVersion = 15.0.27428.2015
MinimumVisualStudioVersion = 10.0.40219.1
Project("{FAE04EC0-301F-11D3-BF4B-00C04F79EFBC}") = "TwoIntrfcsWthSameMthdName", "TwoIntrfcsWthSameMthdName\TwoIntrfcsWthSameMthdName.csproj", "{F4341A58-61EC-4BA4-A79C-A64E7A350993}"
EndProject
Global
	GlobalSection(SolutionConfigurationPlatforms) = preSolution
		Debug|Any CPU = Debug|Any CPU
		Release|Any CPU = Release|Any CPU
	EndGlobalSection
	GlobalSection(ProjectConfigurationPlatforms) = postSolution
		{F4341A58-61EC-4BA4-A79C-A64E7A350993}.Debug|Any CPU.ActiveCfg = Debug|Any CPU
		{F4341A58-61EC-4BA4-A79C-A64E7A350993}.Debug|Any CPU.Build.0 = Debug|Any CPU
		{F4341A58-61EC-4BA4-A79C-A64E7A350993}.Release|Any CPU.ActiveCfg = Release|Any CPU
		{F4341A58-61EC-4BA4-A79C-A64E7A350993}.Release|Any CPU.Build.0 = Release|Any CPU
	EndGlobalSection
	GlobalSection(SolutionProperties) = preSolution
		HideSolutionNode = FALSE
	EndGlobalSection
	GlobalSection(ExtensibilityGlobals) = postSolution
		SolutionGuid = {089FA6D3-0912-49AB-B4DE-6C53A60C7D88}
	EndGlobalSection
EndGlobal
