
Microsoft Visual Studio Solution File, Format Version 12.00
# Visual Studio 15
VisualStudioVersion = 15.0.27428.2015
MinimumVisualStudioVersion = 10.0.40219.1
Project("{FAE04EC0-301F-11D3-BF4B-00C04F79EFBC}") = "ContructorsDemo1", "ContructorsDemo1\ContructorsDemo1.csproj", "{380C8C7A-E7CF-4D49-8C5C-85C1A0948E4C}"
EndProject
Global
	GlobalSection(SolutionConfigurationPlatforms) = preSolution
		Debug|Any CPU = Debug|Any CPU
		Release|Any CPU = Release|Any CPU
	EndGlobalSection
	GlobalSection(ProjectConfigurationPlatforms) = postSolution
		{380C8C7A-E7CF-4D49-8C5C-85C1A0948E4C}.Debug|Any CPU.ActiveCfg = Debug|Any CPU
		{380C8C7A-E7CF-4D49-8C5C-85C1A0948E4C}.Debug|Any CPU.Build.0 = Debug|Any CPU
		{380C8C7A-E7CF-4D49-8C5C-85C1A0948E4C}.Release|Any CPU.ActiveCfg = Release|Any CPU
		{380C8C7A-E7CF-4D49-8C5C-85C1A0948E4C}.Release|Any CPU.Build.0 = Release|Any CPU
	EndGlobalSection
	GlobalSection(SolutionProperties) = preSolution
		HideSolutionNode = FALSE
	EndGlobalSection
	GlobalSection(ExtensibilityGlobals) = postSolution
		SolutionGuid = {B1430FFD-609A-496D-AAAB-E9FF2443F17F}
	EndGlobalSection
EndGlobal
