
Microsoft Visual Studio Solution File, Format Version 12.00
# Visual Studio 15
VisualStudioVersion = 15.0.27428.2015
MinimumVisualStudioVersion = 10.0.40219.1
Project("{FAE04EC0-301F-11D3-BF4B-00C04F79EFBC}") = "Generic1", "Generic1\Generic1.csproj", "{D98D45D8-A90F-4419-AE08-BDC21C6B9649}"
EndProject
Global
	GlobalSection(SolutionConfigurationPlatforms) = preSolution
		Debug|Any CPU = Debug|Any CPU
		Release|Any CPU = Release|Any CPU
	EndGlobalSection
	GlobalSection(ProjectConfigurationPlatforms) = postSolution
		{D98D45D8-A90F-4419-AE08-BDC21C6B9649}.Debug|Any CPU.ActiveCfg = Debug|Any CPU
		{D98D45D8-A90F-4419-AE08-BDC21C6B9649}.Debug|Any CPU.Build.0 = Debug|Any CPU
		{D98D45D8-A90F-4419-AE08-BDC21C6B9649}.Release|Any CPU.ActiveCfg = Release|Any CPU
		{D98D45D8-A90F-4419-AE08-BDC21C6B9649}.Release|Any CPU.Build.0 = Release|Any CPU
	EndGlobalSection
	GlobalSection(SolutionProperties) = preSolution
		HideSolutionNode = FALSE
	EndGlobalSection
	GlobalSection(ExtensibilityGlobals) = postSolution
		SolutionGuid = {B4335D94-AEF2-4187-982B-BD745FD47947}
	EndGlobalSection
EndGlobal
