
Microsoft Visual Studio Solution File, Format Version 12.00
# Visual Studio 15
VisualStudioVersion = 15.0.27428.2015
MinimumVisualStudioVersion = 10.0.40219.1
Project("{FAE04EC0-301F-11D3-BF4B-00C04F79EFBC}") = "ConstNdReadonly", "ConstNdReadonly\ConstNdReadonly.csproj", "{0B802EAE-CA60-4B80-AC10-34E42A2CC3C0}"
EndProject
Global
	GlobalSection(SolutionConfigurationPlatforms) = preSolution
		Debug|Any CPU = Debug|Any CPU
		Release|Any CPU = Release|Any CPU
	EndGlobalSection
	GlobalSection(ProjectConfigurationPlatforms) = postSolution
		{0B802EAE-CA60-4B80-AC10-34E42A2CC3C0}.Debug|Any CPU.ActiveCfg = Debug|Any CPU
		{0B802EAE-CA60-4B80-AC10-34E42A2CC3C0}.Debug|Any CPU.Build.0 = Debug|Any CPU
		{0B802EAE-CA60-4B80-AC10-34E42A2CC3C0}.Release|Any CPU.ActiveCfg = Release|Any CPU
		{0B802EAE-CA60-4B80-AC10-34E42A2CC3C0}.Release|Any CPU.Build.0 = Release|Any CPU
	EndGlobalSection
	GlobalSection(SolutionProperties) = preSolution
		HideSolutionNode = FALSE
	EndGlobalSection
	GlobalSection(ExtensibilityGlobals) = postSolution
		SolutionGuid = {2962ED9A-4136-426D-A4C5-D10751CC3F3B}
	EndGlobalSection
EndGlobal
